
Microsoft Visual Studio Solution File, Format Version 12.00
# Visual Studio 2012
Project("{FAE04EC0-301F-11D3-BF4B-00C04F79EFBC}") = "DemoDia4", "DemoDia4\DemoDia4.csproj", "{016B1257-EE36-47B5-9FB6-7E632EB40F85}"
EndProject
Project("{FAE04EC0-301F-11D3-BF4B-00C04F79EFBC}") = "DemoInterfaceYPoli", "DemoInterfaceYPoli\DemoInterfaceYPoli.csproj", "{23A3A85D-FC76-4DD1-98BC-7A148AA299D0}"
EndProject
Global
	GlobalSection(SolutionConfigurationPlatforms) = preSolution
		Debug|Any CPU = Debug|Any CPU
		Release|Any CPU = Release|Any CPU
	EndGlobalSection
	GlobalSection(ProjectConfigurationPlatforms) = postSolution
		{016B1257-EE36-47B5-9FB6-7E632EB40F85}.Debug|Any CPU.ActiveCfg = Debug|Any CPU
		{016B1257-EE36-47B5-9FB6-7E632EB40F85}.Debug|Any CPU.Build.0 = Debug|Any CPU
		{016B1257-EE36-47B5-9FB6-7E632EB40F85}.Release|Any CPU.ActiveCfg = Release|Any CPU
		{016B1257-EE36-47B5-9FB6-7E632EB40F85}.Release|Any CPU.Build.0 = Release|Any CPU
		{23A3A85D-FC76-4DD1-98BC-7A148AA299D0}.Debug|Any CPU.ActiveCfg = Debug|Any CPU
		{23A3A85D-FC76-4DD1-98BC-7A148AA299D0}.Debug|Any CPU.Build.0 = Debug|Any CPU
		{23A3A85D-FC76-4DD1-98BC-7A148AA299D0}.Release|Any CPU.ActiveCfg = Release|Any CPU
		{23A3A85D-FC76-4DD1-98BC-7A148AA299D0}.Release|Any CPU.Build.0 = Release|Any CPU
	EndGlobalSection
	GlobalSection(SolutionProperties) = preSolution
		HideSolutionNode = FALSE
	EndGlobalSection
EndGlobal
